
Microsoft Visual Studio Solution File, Format Version 12.00
# Visual Studio 15
VisualStudioVersion = 15.0.28010.2050
MinimumVisualStudioVersion = 10.0.40219.1
Project("{9A19103F-16F7-4668-BE54-9A1E7A4F7556}") = "PKFR.Web", "PKFR\PKFR.Web.csproj", "{3AEFC699-85BC-434A-A963-76131B9F01BB}"
EndProject
Project("{9A19103F-16F7-4668-BE54-9A1E7A4F7556}") = "PKFR.Data.Models", "PKFR.Models\PKFR.Data.Models.csproj", "{63548623-6A31-4934-BD0F-4D3158695202}"
EndProject
Project("{9A19103F-16F7-4668-BE54-9A1E7A4F7556}") = "PKFR.Data", "PKFR.Data\PKFR.Data.csproj", "{839CE1F2-ED3B-45C3-B159-6AE555F6737B}"
EndProject
Project("{2150E333-8FDC-42A3-9474-1A3956D46DE8}") = "Data", "Data", "{B0DC001E-F313-4D72-9422-B619817CA011}"
EndProject
Global
	GlobalSection(SolutionConfigurationPlatforms) = preSolution
		Debug|Any CPU = Debug|Any CPU
		Release|Any CPU = Release|Any CPU
	EndGlobalSection
	GlobalSection(ProjectConfigurationPlatforms) = postSolution
		{3AEFC699-85BC-434A-A963-76131B9F01BB}.Debug|Any CPU.ActiveCfg = Debug|Any CPU
		{3AEFC699-85BC-434A-A963-76131B9F01BB}.Debug|Any CPU.Build.0 = Debug|Any CPU
		{3AEFC699-85BC-434A-A963-76131B9F01BB}.Release|Any CPU.ActiveCfg = Release|Any CPU
		{3AEFC699-85BC-434A-A963-76131B9F01BB}.Release|Any CPU.Build.0 = Release|Any CPU
		{63548623-6A31-4934-BD0F-4D3158695202}.Debug|Any CPU.ActiveCfg = Debug|Any CPU
		{63548623-6A31-4934-BD0F-4D3158695202}.Debug|Any CPU.Build.0 = Debug|Any CPU
		{63548623-6A31-4934-BD0F-4D3158695202}.Release|Any CPU.ActiveCfg = Release|Any CPU
		{63548623-6A31-4934-BD0F-4D3158695202}.Release|Any CPU.Build.0 = Release|Any CPU
		{839CE1F2-ED3B-45C3-B159-6AE555F6737B}.Debug|Any CPU.ActiveCfg = Debug|Any CPU
		{839CE1F2-ED3B-45C3-B159-6AE555F6737B}.Debug|Any CPU.Build.0 = Debug|Any CPU
		{839CE1F2-ED3B-45C3-B159-6AE555F6737B}.Release|Any CPU.ActiveCfg = Release|Any CPU
		{839CE1F2-ED3B-45C3-B159-6AE555F6737B}.Release|Any CPU.Build.0 = Release|Any CPU
	EndGlobalSection
	GlobalSection(SolutionProperties) = preSolution
		HideSolutionNode = FALSE
	EndGlobalSection
	GlobalSection(NestedProjects) = preSolution
		{63548623-6A31-4934-BD0F-4D3158695202} = {B0DC001E-F313-4D72-9422-B619817CA011}
		{839CE1F2-ED3B-45C3-B159-6AE555F6737B} = {B0DC001E-F313-4D72-9422-B619817CA011}
	EndGlobalSection
	GlobalSection(ExtensibilityGlobals) = postSolution
		SolutionGuid = {2C4EF975-6F88-4B30-B1ED-2406A0688572}
	EndGlobalSection
EndGlobal
